// !$*UTF8*$!
{
	archiveVersion = 1;
	classes = {
	};
	objectVersion = 46;
	objects = {

/* Begin PBXBuildFile section */
		996DAA031BD2396C00F52815 /* main.m in Sources */ = {isa = PBXBuildFile; fileRef = 996DAA021BD2396C00F52815 /* main.m */; };
		996DAA061BD2396C00F52815 /* AppDelegate.m in Sources */ = {isa = PBXBuildFile; fileRef = 996DAA051BD2396C00F52815 /* AppDelegate.m */; };
		996DAA091BD2396C00F52815 /* ViewController.m in Sources */ = {isa = PBXBuildFile; fileRef = 996DAA081BD2396C00F52815 /* ViewController.m */; };
		996DAA0C1BD2396C00F52815 /* Main.storyboard in Resources */ = {isa = PBXBuildFile; fileRef = 996DAA0A1BD2396C00F52815 /* Main.storyboard */; };
		996DAA0E1BD2396C00F52815 /* Images.xcassets in Resources */ = {isa = PBXBuildFile; fileRef = 996DAA0D1BD2396C00F52815 /* Images.xcassets */; };
		996DAA111BD2396C00F52815 /* LaunchScreen.xib in Resources */ = {isa = PBXBuildFile; fileRef = 996DAA0F1BD2396C00F52815 /* LaunchScreen.xib */; };
		996DAA1D1BD2396C00F52815 /* TestTests.m in Sources */ = {isa = PBXBuildFile; fileRef = 996DAA1C1BD2396C00F52815 /* TestTests.m */; };
/* End PBXBuildFile section */

/* Begin PBXContainerItemProxy section */
		996DAA171BD2396C00F52815 /* PBXContainerItemProxy */ = {
			isa = PBXContainerItemProxy;
			containerPortal = 996DA9F51BD2396C00F52815 /* Project object */;
			proxyType = 1;
			remoteGlobalIDString = 996DA9FC1BD2396C00F52815;
			remoteInfo = Test;
		};
/* End PBXContainerItemProxy section */

/* Begin PBXFileReference section */
		996DA9FD1BD2396C00F52815 /* Test.app */ = {isa = PBXFileReference; explicitFileType = wrapper.application; includeInIndex = 0; path = Test.app; sourceTree = BUILT_PRODUCTS_DIR; };
		996DAA011BD2396C00F52815 /* Info.plist */ = {isa = PBXFileReference; lastKnownFileType = text.plist.xml; path = Info.plist; sourceTree = "<group>"; };
		996DAA021BD2396C00F52815 /* main.m */ = {isa = PBXFileReference; lastKnownFileType = sourcecode.c.objc; path = main.m; sourceTree = "<group>"; };
		996DAA041BD2396C00F52815 /* AppDelegate.h */ = {isa = PBXFileReference; lastKnownFileType = sourcecode.c.h; path = AppDelegate.h; sourceTree = "<group>"; };
		996DAA051BD2396C00F52815 /* AppDelegate.m */ = {isa = PBXFileReference; lastKnownFileType = sourcecode.c.objc; path = AppDelegate.m; sourceTree = "<group>"; };
		996DAA071BD2396C00F52815 /* ViewController.h */ = {isa = PBXFileReference; lastKnownFileType = sourcecode.c.h; path = ViewController.h; sourceTree = "<group>"; };
		996DAA081BD2396C00F52815 /* ViewController.m */ = {isa = PBXFileReference; lastKnownFileType = sourcecode.c.objc; path = ViewController.m; sourceTree = "<group>"; };
		996DAA0B1BD2396C00F52815 /* Base */ = {isa = PBXFileReference; lastKnownFileType = file.storyboard; name = Base; path = Base.lproj/Main.storyboard; sourceTree = "<group>"; };
		996DAA0D1BD2396C00F52815 /* Images.xcassets */ = {isa = PBXFileReference; lastKnownFileType = folder.assetcatalog; path = Images.xcassets; sourceTree = "<group>"; };
		996DAA101BD2396C00F52815 /* Base */ = {isa = PBXFileReference; lastKnownFileType = file.xib; name = Base; path = Base.lproj/LaunchScreen.xib; sourceTree = "<group>"; };
		996DAA161BD2396C00F52815 /* TestTests.xctest */ = {isa = PBXFileReference; explicitFileType = wrapper.cfbundle; includeInIndex = 0; path = TestTests.xctest; sourceTree = BUILT_PRODUCTS_DIR; };
		996DAA1B1BD2396C00F52815 /* Info.plist */ = {isa = PBXFileReference; lastKnownFileType = text.plist.xml; path = Info.plist; sourceTree = "<group>"; };
		996DAA1C1BD2396C00F52815 /* TestTests.m */ = {isa = PBXFileReference; lastKnownFileType = sourcecode.c.objc; path = TestTests.m; sourceTree = "<group>"; };
/* End PBXFileReference section */

/* Begin PBXFrameworksBuildPhase section */
		996DA9FA1BD2396C00F52815 /* Frameworks */ = {
			isa = PBXFrameworksBuildPhase;
			buildActionMask = 2147483647;
			files = (
			);
			runOnlyForDeploymentPostprocessing = 0;
		};
		996DAA131BD2396C00F52815 /* Frameworks */ = {
			isa = PBXFrameworksBuildPhase;
			buildActionMask = 2147483647;
			files = (
			);
			runOnlyForDeploymentPostprocessing = 0;
		};
/* End PBXFrameworksBuildPhase section */

/* Begin PBXGroup section */
		996DA9F41BD2396C00F52815 = {
			isa = PBXGroup;
			children = (
				996DA9FF1BD2396C00F52815 /* Test */,
				996DAA191BD2396C00F52815 /* TestTests */,
				996DA9FE1BD2396C00F52815 /* Products */,
			);
			sourceTree = "<group>";
		};
		996DA9FE1BD2396C00F52815 /* Products */ = {
			isa = PBXGroup;
			children = (
				996DA9FD1BD2396C00F52815 /* Test.app */,
				996DAA161BD2396C00F52815 /* TestTests.xctest */,
			);
			name = Products;
			sourceTree = "<group>";
		};
		996DA9FF1BD2396C00F52815 /* Test */ = {
			isa = PBXGroup;
			children = (
				996DAA041BD2396C00F52815 /* AppDelegate.h */,
				996DAA051BD2396C00F52815 /* AppDelegate.m */,
				996DAA071BD2396C00F52815 /* ViewController.h */,
				996DAA081BD2396C00F52815 /* ViewController.m */,
				996DAA0A1BD2396C00F52815 /* Main.storyboard */,
				996DAA0D1BD2396C00F52815 /* Images.xcassets */,
				996DAA0F1BD2396C00F52815 /* LaunchScreen.xib */,
				996DAA001BD2396C00F52815 /* Supporting Files */,
			);
			path = Test;
			sourceTree = "<group>";
		};
		996DAA001BD2396C00F52815 /* Supporting Files */ = {
			isa = PBXGroup;
			children = (
				996DAA011BD2396C00F52815 /* Info.plist */,
				996DAA021BD2396C00F52815 /* main.m */,
			);
			name = "Supporting Files";
			sourceTree = "<group>";
		};
		996DAA191BD2396C00F52815 /* TestTests */ = {
			isa = PBXGroup;
			children = (
				996DAA1C1BD2396C00F52815 /* TestTests.m */,
				996DAA1A1BD2396C00F52815 /* Supporting Files */,
			);
			path = TestTests;
			sourceTree = "<group>";
		};
		996DAA1A1BD2396C00F52815 /* Supporting Files */ = {
			isa = PBXGroup;
			children = (
				996DAA1B1BD2396C00F52815 /* Info.plist */,
			);
			name = "Supporting Files";
			sourceTree = "<group>";
		};
/* End PBXGroup section */

/* Begin PBXNativeTarget section */
		996DA9FC1BD2396C00F52815 /* Test */ = {
			isa = PBXNativeTarget;
			buildConfigurationList = 996DAA201BD2396C00F52815 /* Build configuration list for PBXNativeTarget "Test" */;
			buildPhases = (
				996DA9F91BD2396C00F52815 /* Sources */,
				996DA9FA1BD2396C00F52815 /* Frameworks */,
				996DA9FB1BD2396C00F52815 /* Resources */,
			);
			buildRules = (
			);
			dependencies = (
			);
			name = Test;
			productName = Test;
			productReference = 996DA9FD1BD2396C00F52815 /* Test.app */;
			productType = "com.apple.product-type.application";
		};
		996DAA151BD2396C00F52815 /* TestTests */ = {
			isa = PBXNativeTarget;
			buildConfigurationList = 996DAA231BD2396C00F52815 /* Build configuration list for PBXNativeTarget "TestTests" */;
			buildPhases = (
				996DAA121BD2396C00F52815 /* Sources */,
				996DAA131BD2396C00F52815 /* Frameworks */,
				996DAA141BD2396C00F52815 /* Resources */,
			);
			buildRules = (
			);
			dependencies = (
				996DAA181BD2396C00F52815 /* PBXTargetDependency */,
			);
			name = TestTests;
			productName = TestTests;
			productReference = 996DAA161BD2396C00F52815 /* TestTests.xctest */;
			productType = "com.apple.product-type.bundle.unit-test";
		};
/* End PBXNativeTarget section */

/* Begin PBXProject section */
		996DA9F51BD2396C00F52815 /* Project object */ = {
			isa = PBXProject;
			attributes = {
				LastUpgradeCheck = 0640;
				ORGANIZATIONNAME = MM;
				TargetAttributes = {
					996DA9FC1BD2396C00F52815 = {
						CreatedOnToolsVersion = 6.4;
					};
					996DAA151BD2396C00F52815 = {
						CreatedOnToolsVersion = 6.4;
						TestTargetID = 996DA9FC1BD2396C00F52815;
					};
				};
			};
			buildConfigurationList = 996DA9F81BD2396C00F52815 /* Build configuration list for PBXProject "Test" */;
			compatibilityVersion = "Xcode 3.2";
			developmentRegion = English;
			hasScannedForEncodings = 0;
			knownRegions = (
				en,
				Base,
			);
			mainGroup = 996DA9F41BD2396C00F52815;
			productRefGroup = 996DA9FE1BD2396C00F52815 /* Products */;
			projectDirPath = "";
			projectRoot = "";
			targets = (
				996DA9FC1BD2396C00F52815 /* Test */,
				996DAA151BD2396C00F52815 /* TestTests */,
			);
		};
/* End PBXProject section */

/* Begin PBXResourcesBuildPhase section */
		996DA9FB1BD2396C00F52815 /* Resources */ = {
			isa = PBXResourcesBuildPhase;
			buildActionMask = 2147483647;
			files = (
				996DAA0C1BD2396C00F52815 /* Main.storyboard in Resources */,
				996DAA111BD2396C00F52815 /* LaunchScreen.xib in Resources */,
				996DAA0E1BD2396C00F52815 /* Images.xcassets in Resources */,
			);
			runOnlyForDeploymentPostprocessing = 0;
		};
		996DAA141BD2396C00F52815 /* Resources */ = {
			isa = PBXResourcesBuildPhase;
			buildActionMask = 2147483647;
			files = (
			);
			runOnlyForDeploymentPostprocessing = 0;
		};
/* End PBXResourcesBuildPhase section */

/* Begin PBXSourcesBuildPhase section */
		996DA9F91BD2396C00F52815 /* Sources */ = {
			isa = PBXSourcesBuildPhase;
			buildActionMask = 2147483647;
			files = (
				996DAA091BD2396C00F52815 /* ViewController.m in Sources */,
				996DAA061BD2396C00F52815 /* AppDelegate.m in Sources */,
				996DAA031BD2396C00F52815 /* main.m in Sources */,
			);
			runOnlyForDeploymentPostprocessing = 0;
		};
		996DAA121BD2396C00F52815 /* Sources */ = {
			isa = PBXSourcesBuildPhase;
			buildActionMask = 2147483647;
			files = (
				996DAA1D1BD2396C00F52815 /* TestTests.m in Sources */,
			);
			runOnlyForDeploymentPostprocessing = 0;
		};
/* End PBXSourcesBuildPhase section */

/* Begin PBXTargetDependency section */
		996DAA181BD2396C00F52815 /* PBXTargetDependency */ = {
			isa = PBXTargetDependency;
			target = 996DA9FC1BD2396C00F52815 /* Test */;
			targetProxy = 996DAA171BD2396C00F52815 /* PBXContainerItemProxy */;
		};
/* End PBXTargetDependency section */

/* Begin PBXVariantGroup section */
		996DAA0A1BD2396C00F52815 /* Main.storyboard */ = {
			isa = PBXVariantGroup;
			children = (
				996DAA0B1BD2396C00F52815 /* Base */,
			);
			name = Main.storyboard;
			sourceTree = "<group>";
		};
		996DAA0F1BD2396C00F52815 /* LaunchScreen.xib */ = {
			isa = PBXVariantGroup;
			children = (
				996DAA101BD2396C00F52815 /* Base */,
			);
			name = LaunchScreen.xib;
			sourceTree = "<group>";
		};
/* End PBXVariantGroup section */

/* Begin XCBuildConfiguration section */
		996DAA1E1BD2396C00F52815 /* Debug */ = {
			isa = XCBuildConfiguration;
			buildSettings = {
				ALWAYS_SEARCH_USER_PATHS = NO;
				CLANG_CXX_LANGUAGE_STANDARD = "gnu++0x";
				CLANG_CXX_LIBRARY = "libc++";
				CLANG_ENABLE_MODULES = YES;
				CLANG_ENABLE_OBJC_ARC = YES;
				CLANG_WARN_BOOL_CONVERSION = YES;
				CLANG_WARN_CONSTANT_CONVERSION = YES;
				CLANG_WARN_DIRECT_OBJC_ISA_USAGE = YES_ERROR;
				CLANG_WARN_EMPTY_BODY = YES;
				CLANG_WARN_ENUM_CONVERSION = YES;
				CLANG_WARN_INT_CONVERSION = YES;
				CLANG_WARN_OBJC_ROOT_CLASS = YES_ERROR;
				CLANG_WARN_UNREACHABLE_CODE = YES;
				CLANG_WARN__DUPLICATE_METHOD_MATCH = YES;
				"CODE_SIGN_IDENTITY[sdk=iphoneos*]" = "iPhone Developer";
				COPY_PHASE_STRIP = NO;
				DEBUG_INFORMATION_FORMAT = "dwarf-with-dsym";
				ENABLE_STRICT_OBJC_MSGSEND = YES;
				GCC_C_LANGUAGE_STANDARD = gnu99;
				GCC_DYNAMIC_NO_PIC = NO;
				GCC_NO_COMMON_BLOCKS = YES;
				GCC_OPTIMIZATION_LEVEL = 0;
				GCC_PREPROCESSOR_DEFINITIONS = (
					"DEBUG=1",
					"$(inherited)",
				);
				GCC_SYMBOLS_PRIVATE_EXTERN = NO;
				GCC_WARN_64_TO_32_BIT_CONVERSION = YES;
				GCC_WARN_ABOUT_RETURN_TYPE = YES_ERROR;
				GCC_WARN_UNDECLARED_SELECTOR = YES;
				GCC_WARN_UNINITIALIZED_AUTOS = YES_AGGRESSIVE;
				GCC_WARN_UNUSED_FUNCTION = YES;
				GCC_WARN_UNUSED_VARIABLE = YES;
				IPHONEOS_DEPLOYMENT_TARGET = 8.4;
				MTL_ENABLE_DEBUG_INFO = YES;
				ONLY_ACTIVE_ARCH = YES;
				SDKROOT = iphoneos;
				TARGETED_DEVICE_FAMILY = "1,2";
			};
			name = Debug;
		};
		996DAA1F1BD2396C00F52815 /* Release */ = {
			isa = XCBuildConfiguration;
			buildSettings = {
				ALWAYS_SEARCH_USER_PATHS = NO;
				CLANG_CXX_LANGUAGE_STANDARD = "gnu++0x";
				CLANG_CXX_LIBRARY = "libc++";
				CLANG_ENABLE_MODULES = YES;
				CLANG_ENABLE_OBJC_ARC = YES;
				CLANG_WARN_BOOL_CONVERSION = YES;
				CLANG_WARN_CONSTANT_CONVERSION = YES;
				CLANG_WARN_DIRECT_OBJC_ISA_USAGE = YES_ERROR;
				CLANG_WARN_EMPTY_BODY = YES;
				CLANG_WARN_ENUM_CONVERSION = YES;
				CLANG_WARN_INT_CONVERSION = YES;
				CLANG_WARN_OBJC_ROOT_CLASS = YES_ERROR;
				CLANG_WARN_UNREACHABLE_CODE = YES;
				CLANG_WARN__DUPLICATE_METHOD_MATCH = YES;
				"CODE_SIGN_IDENTITY[sdk=iphoneos*]" = "iPhone Developer";
				COPY_PHASE_STRIP = NO;
				DEBUG_INFORMATION_FORMAT = "dwarf-with-dsym";
				ENABLE_NS_ASSERTIONS = NO;
				ENABLE_STRICT_OBJC_MSGSEND = YES;
				GCC_C_LANGUAGE_STANDARD = gnu99;
				GCC_NO_COMMON_BLOCKS = YES;
				GCC_WARN_64_TO_32_BIT_CONVERSION = YES;
				GCC_WARN_ABOUT_RETURN_TYPE = YES_ERROR;
				GCC_WARN_UNDECLARED_SELECTOR = YES;
				GCC_WARN_UNINITIALIZED_AUTOS = YES_AGGRESSIVE;
				GCC_WARN_UNUSED_FUNCTION = YES;
				GCC_WARN_UNUSED_VARIABLE = YES;
				IPHONEOS_DEPLOYMENT_TARGET = 8.4;
				MTL_ENABLE_DEBUG_INFO = NO;
				SDKROOT = iphoneos;
				TARGETED_DEVICE_FAMILY = "1,2";
				VALIDATE_PRODUCT = YES;
			};
			name = Release;
		};
		996DAA211BD2396C00F52815 /* Debug */ = {
			isa = XCBuildConfiguration;
			buildSettings = {
				ASSETCATALOG_COMPILER_APPICON_NAME = AppIcon;
				INFOPLIST_FILE = Test/Info.plist;
				LD_RUNPATH_SEARCH_PATHS = "$(inherited) @executable_path/Frameworks";
				PRODUCT_NAME = "$(TARGET_NAME)";
			};
			name = Debug;
		};
		996DAA221BD2396C00F52815 /* Release */ = {
			isa = XCBuildConfiguration;
			buildSettings = {
				ASSETCATALOG_COMPILER_APPICON_NAME = AppIcon;
				INFOPLIST_FILE = Test/Info.plist;
				LD_RUNPATH_SEARCH_PATHS = "$(inherited) @executable_path/Frameworks";
				PRODUCT_NAME = "$(TARGET_NAME)";
			};
			name = Release;
		};
		996DAA241BD2396C00F52815 /* Debug */ = {
			isa = XCBuildConfiguration;
			buildSettings = {
				BUNDLE_LOADER = "$(TEST_HOST)";
				FRAMEWORK_SEARCH_PATHS = (
					"$(SDKROOT)/Developer/Library/Frameworks",
					"$(inherited)",
				);
				GCC_PREPROCESSOR_DEFINITIONS = (
					"DEBUG=1",
					"$(inherited)",
				);
				INFOPLIST_FILE = TestTests/Info.plist;
				LD_RUNPATH_SEARCH_PATHS = "$(inherited) @executable_path/Frameworks @loader_path/Frameworks";
				PRODUCT_NAME = "$(TARGET_NAME)";
				TEST_HOST = "$(BUILT_PRODUCTS_DIR)/Test.app/Test";
			};
			name = Debug;
		};
		996DAA251BD2396C00F52815 /* Release */ = {
			isa = XCBuildConfiguration;
			buildSettings = {
				BUNDLE_LOADER = "$(TEST_HOST)";
				FRAMEWORK_SEARCH_PATHS = (
					"$(SDKROOT)/Developer/Library/Frameworks",
					"$(inherited)",
				);
				INFOPLIST_FILE = TestTests/Info.plist;
				LD_RUNPATH_SEARCH_PATHS = "$(inherited) @executable_path/Frameworks @loader_path/Frameworks";
				PRODUCT_NAME = "$(TARGET_NAME)";
				TEST_HOST = "$(BUILT_PRODUCTS_DIR)/Test.app/Test";
			};
			name = Release;
		};
/* End XCBuildConfiguration section */

/* Begin XCConfigurationList section */
		996DA9F81BD2396C00F52815 /* Build configuration list for PBXProject "Test" */ = {
			isa = XCConfigurationList;
			buildConfigurations = (
				996DAA1E1BD2396C00F52815 /* Debug */,
				996DAA1F1BD2396C00F52815 /* Release */,
			);
			defaultConfigurationIsVisible = 0;
			defaultConfigurationName = Release;
		};
		996DAA201BD2396C00F52815 /* Build configuration list for PBXNativeTarget "Test" */ = {
			isa = XCConfigurationList;
			buildConfigurations = (
				996DAA211BD2396C00F52815 /* Debug */,
				996DAA221BD2396C00F52815 /* Release */,
			);
			defaultConfigurationIsVisible = 0;
		};
		996DAA231BD2396C00F52815 /* Build configuration list for PBXNativeTarget "TestTests" */ = {
			isa = XCConfigurationList;
			buildConfigurations = (
				996DAA241BD2396C00F52815 /* Debug */,
				996DAA251BD2396C00F52815 /* Release */,
			);
			defaultConfigurationIsVisible = 0;
		};
/* End XCConfigurationList section */
	};
	rootObject = 996DA9F51BD2396C00F52815 /* Project object */;
}
